
Microsoft Visual Studio Solution File, Format Version 12.00
Project("{FAE04EC0-301F-11D3-BF4B-00C04F79EFBC}") = "StudentTransfer.Api", "StudentTransfer.Api\StudentTransfer.Api.csproj", "{97DC9602-10CA-4977-BF26-39AE26DF11A9}"
EndProject
Global
	GlobalSection(SolutionConfigurationPlatforms) = preSolution
		Debug|Any CPU = Debug|Any CPU
		Release|Any CPU = Release|Any CPU
	EndGlobalSection
	GlobalSection(ProjectConfigurationPlatforms) = postSolution
		{97DC9602-10CA-4977-BF26-39AE26DF11A9}.Debug|Any CPU.ActiveCfg = Debug|Any CPU
		{97DC9602-10CA-4977-BF26-39AE26DF11A9}.Debug|Any CPU.Build.0 = Debug|Any CPU
		{97DC9602-10CA-4977-BF26-39AE26DF11A9}.Release|Any CPU.ActiveCfg = Release|Any CPU
		{97DC9602-10CA-4977-BF26-39AE26DF11A9}.Release|Any CPU.Build.0 = Release|Any CPU
	EndGlobalSection
EndGlobal
