
Microsoft Visual Studio Solution File, Format Version 12.00
Project("{FAE04EC0-301F-11D3-BF4B-00C04F79EFBC}") = "StudentTransfer.Api", "StudentTransfer.Api\StudentTransfer.Api.csproj", "{97DC9602-10CA-4977-BF26-39AE26DF11A9}"
EndProject
Project("{FAE04EC0-301F-11D3-BF4B-00C04F79EFBC}") = "StudentTransfer.Dal", "StudentTransfer.Dal\StudentTransfer.Dal.csproj", "{E778696C-8C55-40BE-9E22-896B0131670F}"
EndProject
Project("{FAE04EC0-301F-11D3-BF4B-00C04F79EFBC}") = "StudentTransfer.Bll", "StudentTransfer.Bll\StudentTransfer.Bll.csproj", "{8ED57417-A152-4CFB-9B12-89E0513D1ECC}"
EndProject
Project("{FAE04EC0-301F-11D3-BF4B-00C04F79EFBC}") = "StudentTransfer.VacantParser", "StudentTransfer.VacantParser\StudentTransfer.VacantParser.csproj", "{35E93E88-72FD-427C-83D6-9A14D62CBB93}"
EndProject
Project("{FAE04EC0-301F-11D3-BF4B-00C04F79EFBC}") = "StudentTransfer.Utils", "StudentTransfer.Utils\StudentTransfer.Utils.csproj", "{2AFCBE7E-139F-4A6B-9912-AC8CB77D2FEF}"
EndProject
Project("{2150E333-8FDC-42A3-9474-1A3956D46DE8}") = "Solution Items", "Solution Items", "{14F8A0A6-320E-4B17-959D-068444D479B2}"
	ProjectSection(SolutionItems) = preProject
		docker-compose.yml = docker-compose.yml
	EndProjectSection
EndProject
Global
	GlobalSection(SolutionConfigurationPlatforms) = preSolution
		Debug|Any CPU = Debug|Any CPU
		Release|Any CPU = Release|Any CPU
	EndGlobalSection
	GlobalSection(ProjectConfigurationPlatforms) = postSolution
		{97DC9602-10CA-4977-BF26-39AE26DF11A9}.Debug|Any CPU.ActiveCfg = Debug|Any CPU
		{97DC9602-10CA-4977-BF26-39AE26DF11A9}.Debug|Any CPU.Build.0 = Debug|Any CPU
		{97DC9602-10CA-4977-BF26-39AE26DF11A9}.Release|Any CPU.ActiveCfg = Release|Any CPU
		{97DC9602-10CA-4977-BF26-39AE26DF11A9}.Release|Any CPU.Build.0 = Release|Any CPU
		{E778696C-8C55-40BE-9E22-896B0131670F}.Debug|Any CPU.ActiveCfg = Debug|Any CPU
		{E778696C-8C55-40BE-9E22-896B0131670F}.Debug|Any CPU.Build.0 = Debug|Any CPU
		{E778696C-8C55-40BE-9E22-896B0131670F}.Release|Any CPU.ActiveCfg = Release|Any CPU
		{E778696C-8C55-40BE-9E22-896B0131670F}.Release|Any CPU.Build.0 = Release|Any CPU
		{8ED57417-A152-4CFB-9B12-89E0513D1ECC}.Debug|Any CPU.ActiveCfg = Debug|Any CPU
		{8ED57417-A152-4CFB-9B12-89E0513D1ECC}.Debug|Any CPU.Build.0 = Debug|Any CPU
		{8ED57417-A152-4CFB-9B12-89E0513D1ECC}.Release|Any CPU.ActiveCfg = Release|Any CPU
		{8ED57417-A152-4CFB-9B12-89E0513D1ECC}.Release|Any CPU.Build.0 = Release|Any CPU
		{35E93E88-72FD-427C-83D6-9A14D62CBB93}.Debug|Any CPU.ActiveCfg = Debug|Any CPU
		{35E93E88-72FD-427C-83D6-9A14D62CBB93}.Debug|Any CPU.Build.0 = Debug|Any CPU
		{35E93E88-72FD-427C-83D6-9A14D62CBB93}.Release|Any CPU.ActiveCfg = Release|Any CPU
		{35E93E88-72FD-427C-83D6-9A14D62CBB93}.Release|Any CPU.Build.0 = Release|Any CPU
		{2AFCBE7E-139F-4A6B-9912-AC8CB77D2FEF}.Debug|Any CPU.ActiveCfg = Debug|Any CPU
		{2AFCBE7E-139F-4A6B-9912-AC8CB77D2FEF}.Debug|Any CPU.Build.0 = Debug|Any CPU
		{2AFCBE7E-139F-4A6B-9912-AC8CB77D2FEF}.Release|Any CPU.ActiveCfg = Release|Any CPU
		{2AFCBE7E-139F-4A6B-9912-AC8CB77D2FEF}.Release|Any CPU.Build.0 = Release|Any CPU
	EndGlobalSection
EndGlobal
